{
  "version": 4,
  "terraform_version": "0.12.9",
  "serial": 3,
  "lineage": "5f5bc762-c1f0-368f-fea2-21ae4f818416",
  "outputs": {},
  "resources": [
    {
      "mode": "managed",
      "type": "google_container_cluster",
      "name": "gke-cluster",
      "provider": "provider.google",
      "instances": [
        {
          "schema_version": 1,
          "attributes": {
            "additional_zones": [],
            "addons_config": [
              {
                "horizontal_pod_autoscaling": [],
                "http_load_balancing": [],
                "kubernetes_dashboard": [],
                "network_policy_config": [
                  {
                    "disabled": true
                  }
                ]
              }
            ],
            "authenticator_groups_config": [],
            "cluster_autoscaling": [
              {
                "auto_provisioning_defaults": [],
                "enabled": false,
                "resource_limits": []
              }
            ],
            "cluster_ipv4_cidr": "10.56.0.0/14",
            "default_max_pods_per_node": 110,
            "description": "",
            "enable_binary_authorization": false,
            "enable_intranode_visibility": null,
            "enable_kubernetes_alpha": false,
            "enable_legacy_abac": false,
            "enable_tpu": null,
            "endpoint": "35.190.201.23",
            "id": "projects/rinil-project/locations/europe-west1-b/clusters/my-first-gke-cluster",
            "initial_node_count": 3,
            "instance_group_urls": [
              "https://www.googleapis.com/compute/v1/projects/rinil-project/zones/europe-west1-b/instanceGroups/gke-my-first-gke-cluster-default-pool-3b17d29a-grp"
            ],
            "ip_allocation_policy": [],
            "location": "europe-west1-b",
            "logging_service": "logging.googleapis.com/kubernetes",
            "maintenance_policy": [],
            "master_auth": [
              {
                "client_certificate": "",
                "client_certificate_config": [
                  {
                    "issue_client_certificate": false
                  }
                ],
                "client_key": "",
                "cluster_ca_certificate": "LS0tLS1CRUdJTiBDRVJUSUZJQ0FURS0tLS0tCk1JSURDekNDQWZPZ0F3SUJBZ0lRRGsvN05DZm9GQlhNR0lJOVRPTjFiakFOQmdrcWhraUc5dzBCQVFzRkFEQXYKTVMwd0t3WURWUVFERXlReE1EZzRPREkwTVMwek9UWTBMVFEzWmpBdFlqTmtOaTAyTkdFd05tWmxPR0UwT1RBdwpIaGNOTWpBd01qRXdNVEkwTlRNeFdoY05NalV3TWpBNE1UTTBOVE14V2pBdk1TMHdLd1lEVlFRREV5UXhNRGc0Ck9ESTBNUzB6T1RZMExUUTNaakF0WWpOa05pMDJOR0V3Tm1abE9HRTBPVEF3Z2dFaU1BMEdDU3FHU0liM0RRRUIKQVFVQUE0SUJEd0F3Z2dFS0FvSUJBUUMzeDhtRWkrK012VGZyNS9idTlJckdFVGU2NDhDdzQ1cTNwWDc1WGtrNwo3aXNQMzErR3h1bjgzM1FYQjJKNXM1Uk9UWTM2TjJ5dFBYSTJUQkl3WUg5MStJUXIwQmg3T1FUQmtSQlMyYWd6CmVEa1N2eFduU3U5MFR2ZHB4YXpGdjNwN1kzVUNHaGZ2akxCYThrVEQ5cjIzRWZGeExxYUFVNnU5RGdxUzFhV0oKMUpYbU1wYm1iL3YvVnE0alNRZVF1Sm1VTWVGS1hYZ0N0WnY5K2ZNR29pdk1qNW5DeklmemU2eHFucGtmQzNHRgorWUp0bkxTakN0bHFsWFM1U2phWFpHaTVSWnRwK2RDYlJ0REdodXZ3NjNPT0M1WHVUQlYyMjQ1dWZ2YmFCYmtECnREYmdmVENHQnhHVUM4dStObWxmWXBFSmRtdTFyS3BFM0lFTnM0aXM4YTR0QWdNQkFBR2pJekFoTUE0R0ExVWQKRHdFQi93UUVBd0lDQkRBUEJnTlZIUk1CQWY4RUJUQURBUUgvTUEwR0NTcUdTSWIzRFFFQkN3VUFBNElCQVFBYQpmaWZZZ3BSM09KY0k2ZERpNHh5SnRSbXQ4S3M4dldoVE9uM3RGMENMSEYwLzNLTnRRa2FBY2lxUVRyUFVyUGNlCnNwb3U2QnZ0SkZzWk8rS3FlZjljK2szaS9sd3VpVHZpbXN4Tlphakk2a1E3UDZibnpzNDdRNTJTS1FBRWlzMUYKWUNlb01jYmp4NWRCZjZWQlRzU2J4NkN2dndBSUFjdU9KaTlxYUpmS3J2VDJSbW9PeWJYa0RuclgyNlpQNUlxbApoSzFVeTZBbmVzSGx3elhpTXVlNzlVelVEN2lXSmlqclFISXZTWVBrVU5lajVYSWJwRitiU21XNTNNOVh4SEluCjhRMVRhYjBFVjFOcXlYSVE2R1h5MkowZjZlUjdjYzNXaDZSWVlVYk0rcjBiWno3ZDhDT2xRcDhYY3pWN3NKZEMKSjhEbjlrb2lPbWUwOHZTVzlhMkkKLS0tLS1FTkQgQ0VSVElGSUNBVEUtLS0tLQo=",
                "password": "",
                "username": ""
              }
            ],
            "master_authorized_networks_config": [],
            "master_version": "1.13.11-gke.23",
            "min_master_version": null,
            "monitoring_service": "monitoring.googleapis.com/kubernetes",
            "name": "my-first-gke-cluster",
            "network": "projects/rinil-project/global/networks/default",
            "network_policy": [
              {
                "enabled": false,
                "provider": "PROVIDER_UNSPECIFIED"
              }
            ],
            "node_config": [
              {
                "disk_size_gb": 100,
                "disk_type": "pd-standard",
                "guest_accelerator": [],
                "image_type": "COS",
                "labels": {},
                "local_ssd_count": 0,
                "machine_type": "n1-standard-1",
                "metadata": {
                  "disable-legacy-endpoints": "true"
                },
                "min_cpu_platform": "",
                "oauth_scopes": [
                  "https://www.googleapis.com/auth/devstorage.read_only",
                  "https://www.googleapis.com/auth/logging.write",
                  "https://www.googleapis.com/auth/monitoring",
                  "https://www.googleapis.com/auth/service.management.readonly",
                  "https://www.googleapis.com/auth/servicecontrol",
                  "https://www.googleapis.com/auth/trace.append"
                ],
                "preemptible": false,
                "sandbox_config": [],
                "service_account": "default",
                "shielded_instance_config": [
                  {
                    "enable_integrity_monitoring": true,
                    "enable_secure_boot": false
                  }
                ],
                "tags": [],
                "taint": [],
                "workload_metadata_config": []
              }
            ],
            "node_locations": [],
            "node_pool": [
              {
                "autoscaling": [],
                "initial_node_count": 3,
                "instance_group_urls": [
                  "https://www.googleapis.com/compute/v1/projects/rinil-project/zones/europe-west1-b/instanceGroupManagers/gke-my-first-gke-cluster-default-pool-3b17d29a-grp"
                ],
                "management": [
                  {
                    "auto_repair": false,
                    "auto_upgrade": true
                  }
                ],
                "max_pods_per_node": 0,
                "name": "default-pool",
                "name_prefix": "",
                "node_config": [
                  {
                    "disk_size_gb": 100,
                    "disk_type": "pd-standard",
                    "guest_accelerator": [],
                    "image_type": "COS",
                    "labels": {},
                    "local_ssd_count": 0,
                    "machine_type": "n1-standard-1",
                    "metadata": {
                      "disable-legacy-endpoints": "true"
                    },
                    "min_cpu_platform": "",
                    "oauth_scopes": [
                      "https://www.googleapis.com/auth/devstorage.read_only",
                      "https://www.googleapis.com/auth/logging.write",
                      "https://www.googleapis.com/auth/monitoring",
                      "https://www.googleapis.com/auth/service.management.readonly",
                      "https://www.googleapis.com/auth/servicecontrol",
                      "https://www.googleapis.com/auth/trace.append"
                    ],
                    "preemptible": false,
                    "sandbox_config": [],
                    "service_account": "default",
                    "shielded_instance_config": [
                      {
                        "enable_integrity_monitoring": true,
                        "enable_secure_boot": false
                      }
                    ],
                    "tags": [],
                    "taint": [],
                    "workload_metadata_config": []
                  }
                ],
                "node_count": 3,
                "version": "1.13.11-gke.23"
              }
            ],
            "node_version": "1.13.11-gke.23",
            "operation": null,
            "pod_security_policy_config": null,
            "private_cluster_config": [],
            "project": "rinil-project",
            "region": null,
            "remove_default_node_pool": null,
            "resource_labels": null,
            "services_ipv4_cidr": "10.59.240.0/20",
            "subnetwork": "projects/rinil-project/regions/europe-west1/subnetworks/default",
            "timeouts": null,
            "vertical_pod_autoscaling": [],
            "zone": null
          },
          "private": "eyJlMmJmYjczMC1lY2FhLTExZTYtOGY4OC0zNDM2M2JjN2M0YzAiOnsiY3JlYXRlIjoyNDAwMDAwMDAwMDAwLCJkZWxldGUiOjI0MDAwMDAwMDAwMDAsInVwZGF0ZSI6MzYwMDAwMDAwMDAwMH0sInNjaGVtYV92ZXJzaW9uIjoiMSJ9"
        }
      ]
    }
  ]
}
